
Microsoft Visual Studio Solution File, Format Version 12.00
# Visual Studio 15
VisualStudioVersion = 15.0.27703.2026
MinimumVisualStudioVersion = 10.0.40219.1
Project("{FAE04EC0-301F-11D3-BF4B-00C04F79EFBC}") = "ProjectHydra", "ProjectHydra\ProjectHydra.csproj", "{0EC82341-52A8-4524-B9BB-47FB9856077D}"
EndProject
Project("{E53339B2-1760-4266-BCC7-CA923CBCF16C}") = "docker-compose", "docker-compose.dcproj", "{A6A08B8F-1B7C-4F61-8051-F81EB45FEF41}"
EndProject
Global
	GlobalSection(SolutionConfigurationPlatforms) = preSolution
		Debug|Any CPU = Debug|Any CPU
		Release|Any CPU = Release|Any CPU
	EndGlobalSection
	GlobalSection(ProjectConfigurationPlatforms) = postSolution
		{0EC82341-52A8-4524-B9BB-47FB9856077D}.Debug|Any CPU.ActiveCfg = Debug|Any CPU
		{0EC82341-52A8-4524-B9BB-47FB9856077D}.Debug|Any CPU.Build.0 = Debug|Any CPU
		{0EC82341-52A8-4524-B9BB-47FB9856077D}.Release|Any CPU.ActiveCfg = Release|Any CPU
		{0EC82341-52A8-4524-B9BB-47FB9856077D}.Release|Any CPU.Build.0 = Release|Any CPU
		{A6A08B8F-1B7C-4F61-8051-F81EB45FEF41}.Debug|Any CPU.ActiveCfg = Debug|Any CPU
		{A6A08B8F-1B7C-4F61-8051-F81EB45FEF41}.Debug|Any CPU.Build.0 = Debug|Any CPU
		{A6A08B8F-1B7C-4F61-8051-F81EB45FEF41}.Release|Any CPU.ActiveCfg = Release|Any CPU
		{A6A08B8F-1B7C-4F61-8051-F81EB45FEF41}.Release|Any CPU.Build.0 = Release|Any CPU
	EndGlobalSection
	GlobalSection(SolutionProperties) = preSolution
		HideSolutionNode = FALSE
	EndGlobalSection
	GlobalSection(ExtensibilityGlobals) = postSolution
		SolutionGuid = {DA586500-D4B3-45E5-962B-8283CD8DD716}
	EndGlobalSection
EndGlobal
